
Microsoft Visual Studio Solution File, Format Version 12.00
# Visual Studio 15
VisualStudioVersion = 15.0.26124.0
MinimumVisualStudioVersion = 15.0.26124.0
Project("{FAE04EC0-301F-11D3-BF4B-00C04F79EFBC}") = "BowlingScoringBoard", "BowlingScoringBoard\BowlingScoringBoard.csproj", "{521E3DCD-76F6-482A-B945-FB59E5B6A1C2}"
EndProject
Project("{FAE04EC0-301F-11D3-BF4B-00C04F79EFBC}") = "BowlingScoringBoard.test", "BowlingScoringBoard.test\BowlingScoringBoard.test.csproj", "{92756575-6F72-4283-BDA8-F8D8EDD2B79B}"
EndProject
Project("{FAE04EC0-301F-11D3-BF4B-00C04F79EFBC}") = "BowlingScoringBoardMVVM", "BowlingScoringBoardMVVM\BowlingScoringBoardMVVM.csproj", "{FC005745-73E5-4671-BF05-316E2F4E552F}"
EndProject
Global
	GlobalSection(SolutionConfigurationPlatforms) = preSolution
		Debug|Any CPU = Debug|Any CPU
		Debug|x64 = Debug|x64
		Debug|x86 = Debug|x86
		Release|Any CPU = Release|Any CPU
		Release|x64 = Release|x64
		Release|x86 = Release|x86
	EndGlobalSection
	GlobalSection(SolutionProperties) = preSolution
		HideSolutionNode = FALSE
	EndGlobalSection
	GlobalSection(ProjectConfigurationPlatforms) = postSolution
		{521E3DCD-76F6-482A-B945-FB59E5B6A1C2}.Debug|Any CPU.ActiveCfg = Debug|Any CPU
		{521E3DCD-76F6-482A-B945-FB59E5B6A1C2}.Debug|Any CPU.Build.0 = Debug|Any CPU
		{521E3DCD-76F6-482A-B945-FB59E5B6A1C2}.Debug|x64.ActiveCfg = Debug|Any CPU
		{521E3DCD-76F6-482A-B945-FB59E5B6A1C2}.Debug|x64.Build.0 = Debug|Any CPU
		{521E3DCD-76F6-482A-B945-FB59E5B6A1C2}.Debug|x86.ActiveCfg = Debug|Any CPU
		{521E3DCD-76F6-482A-B945-FB59E5B6A1C2}.Debug|x86.Build.0 = Debug|Any CPU
		{521E3DCD-76F6-482A-B945-FB59E5B6A1C2}.Release|Any CPU.ActiveCfg = Release|Any CPU
		{521E3DCD-76F6-482A-B945-FB59E5B6A1C2}.Release|Any CPU.Build.0 = Release|Any CPU
		{521E3DCD-76F6-482A-B945-FB59E5B6A1C2}.Release|x64.ActiveCfg = Release|Any CPU
		{521E3DCD-76F6-482A-B945-FB59E5B6A1C2}.Release|x64.Build.0 = Release|Any CPU
		{521E3DCD-76F6-482A-B945-FB59E5B6A1C2}.Release|x86.ActiveCfg = Release|Any CPU
		{521E3DCD-76F6-482A-B945-FB59E5B6A1C2}.Release|x86.Build.0 = Release|Any CPU
		{92756575-6F72-4283-BDA8-F8D8EDD2B79B}.Debug|Any CPU.ActiveCfg = Debug|Any CPU
		{92756575-6F72-4283-BDA8-F8D8EDD2B79B}.Debug|Any CPU.Build.0 = Debug|Any CPU
		{92756575-6F72-4283-BDA8-F8D8EDD2B79B}.Debug|x64.ActiveCfg = Debug|Any CPU
		{92756575-6F72-4283-BDA8-F8D8EDD2B79B}.Debug|x64.Build.0 = Debug|Any CPU
		{92756575-6F72-4283-BDA8-F8D8EDD2B79B}.Debug|x86.ActiveCfg = Debug|Any CPU
		{92756575-6F72-4283-BDA8-F8D8EDD2B79B}.Debug|x86.Build.0 = Debug|Any CPU
		{92756575-6F72-4283-BDA8-F8D8EDD2B79B}.Release|Any CPU.ActiveCfg = Release|Any CPU
		{92756575-6F72-4283-BDA8-F8D8EDD2B79B}.Release|Any CPU.Build.0 = Release|Any CPU
		{92756575-6F72-4283-BDA8-F8D8EDD2B79B}.Release|x64.ActiveCfg = Release|Any CPU
		{92756575-6F72-4283-BDA8-F8D8EDD2B79B}.Release|x64.Build.0 = Release|Any CPU
		{92756575-6F72-4283-BDA8-F8D8EDD2B79B}.Release|x86.ActiveCfg = Release|Any CPU
		{92756575-6F72-4283-BDA8-F8D8EDD2B79B}.Release|x86.Build.0 = Release|Any CPU
		{FC005745-73E5-4671-BF05-316E2F4E552F}.Debug|Any CPU.ActiveCfg = Debug|Any CPU
		{FC005745-73E5-4671-BF05-316E2F4E552F}.Debug|Any CPU.Build.0 = Debug|Any CPU
		{FC005745-73E5-4671-BF05-316E2F4E552F}.Debug|x64.ActiveCfg = Debug|Any CPU
		{FC005745-73E5-4671-BF05-316E2F4E552F}.Debug|x64.Build.0 = Debug|Any CPU
		{FC005745-73E5-4671-BF05-316E2F4E552F}.Debug|x86.ActiveCfg = Debug|Any CPU
		{FC005745-73E5-4671-BF05-316E2F4E552F}.Debug|x86.Build.0 = Debug|Any CPU
		{FC005745-73E5-4671-BF05-316E2F4E552F}.Release|Any CPU.ActiveCfg = Release|Any CPU
		{FC005745-73E5-4671-BF05-316E2F4E552F}.Release|Any CPU.Build.0 = Release|Any CPU
		{FC005745-73E5-4671-BF05-316E2F4E552F}.Release|x64.ActiveCfg = Release|Any CPU
		{FC005745-73E5-4671-BF05-316E2F4E552F}.Release|x64.Build.0 = Release|Any CPU
		{FC005745-73E5-4671-BF05-316E2F4E552F}.Release|x86.ActiveCfg = Release|Any CPU
		{FC005745-73E5-4671-BF05-316E2F4E552F}.Release|x86.Build.0 = Release|Any CPU
	EndGlobalSection
EndGlobal
